
Microsoft Visual Studio Solution File, Format Version 12.00
# Visual Studio 15
VisualStudioVersion = 15.0.28010.2048
MinimumVisualStudioVersion = 10.0.40219.1
Project("{FAE04EC0-301F-11D3-BF4B-00C04F79EFBC}") = "CursoXamarin.Android", "CursoXamarin\CursoXamarin.Android\CursoXamarin.Android.csproj", "{8DD192E1-2A79-4479-B9F8-BD72F29D6971}"
EndProject
Project("{FAE04EC0-301F-11D3-BF4B-00C04F79EFBC}") = "CursoXamarin", "CursoXamarin\CursoXamarin\CursoXamarin.csproj", "{702ADE64-8E47-4F8D-9AED-2AAA776D8CDC}"
EndProject
Global
	GlobalSection(SolutionConfigurationPlatforms) = preSolution
		Debug|Any CPU = Debug|Any CPU
		Release|Any CPU = Release|Any CPU
	EndGlobalSection
	GlobalSection(ProjectConfigurationPlatforms) = postSolution
		{8DD192E1-2A79-4479-B9F8-BD72F29D6971}.Debug|Any CPU.ActiveCfg = Debug|Any CPU
		{8DD192E1-2A79-4479-B9F8-BD72F29D6971}.Debug|Any CPU.Build.0 = Debug|Any CPU
		{8DD192E1-2A79-4479-B9F8-BD72F29D6971}.Debug|Any CPU.Deploy.0 = Debug|Any CPU
		{8DD192E1-2A79-4479-B9F8-BD72F29D6971}.Release|Any CPU.ActiveCfg = Release|Any CPU
		{8DD192E1-2A79-4479-B9F8-BD72F29D6971}.Release|Any CPU.Build.0 = Release|Any CPU
		{8DD192E1-2A79-4479-B9F8-BD72F29D6971}.Release|Any CPU.Deploy.0 = Release|Any CPU
		{702ADE64-8E47-4F8D-9AED-2AAA776D8CDC}.Debug|Any CPU.ActiveCfg = Debug|Any CPU
		{702ADE64-8E47-4F8D-9AED-2AAA776D8CDC}.Debug|Any CPU.Build.0 = Debug|Any CPU
		{702ADE64-8E47-4F8D-9AED-2AAA776D8CDC}.Debug|Any CPU.Deploy.0 = Debug|Any CPU
		{702ADE64-8E47-4F8D-9AED-2AAA776D8CDC}.Release|Any CPU.ActiveCfg = Release|Any CPU
		{702ADE64-8E47-4F8D-9AED-2AAA776D8CDC}.Release|Any CPU.Build.0 = Release|Any CPU
		{702ADE64-8E47-4F8D-9AED-2AAA776D8CDC}.Release|Any CPU.Deploy.0 = Release|Any CPU
	EndGlobalSection
	GlobalSection(SolutionProperties) = preSolution
		HideSolutionNode = FALSE
	EndGlobalSection
	GlobalSection(ExtensibilityGlobals) = postSolution
		SolutionGuid = {9ECD23DF-0343-48ED-9DAA-AA704630F4CB}
	EndGlobalSection
EndGlobal
