
Microsoft Visual Studio Solution File, Format Version 12.00
# Visual Studio 15
VisualStudioVersion = 15.0.28010.2048
MinimumVisualStudioVersion = 10.0.40219.1
Project("{FAE04EC0-301F-11D3-BF4B-00C04F79EFBC}") = "AppGorilla.Android", "AppGorilla\AppGorilla.Android\AppGorilla.Android.csproj", "{52FF6A01-8775-4DD6-A14E-2609ED803A43}"
EndProject
Project("{FAE04EC0-301F-11D3-BF4B-00C04F79EFBC}") = "AppGorilla.iOS", "AppGorilla\AppGorilla.iOS\AppGorilla.iOS.csproj", "{9313B5E6-E44D-4EA8-9307-CA94CE5DB0BE}"
EndProject
Project("{FAE04EC0-301F-11D3-BF4B-00C04F79EFBC}") = "AppGorilla", "AppGorilla\AppGorilla\AppGorilla.csproj", "{A14A1C5E-D0F0-4AE2-A79F-D08ABF221F97}"
EndProject
Global
	GlobalSection(SolutionConfigurationPlatforms) = preSolution
		Ad-Hoc|Any CPU = Ad-Hoc|Any CPU
		Ad-Hoc|iPhone = Ad-Hoc|iPhone
		Ad-Hoc|iPhoneSimulator = Ad-Hoc|iPhoneSimulator
		AppStore|Any CPU = AppStore|Any CPU
		AppStore|iPhone = AppStore|iPhone
		AppStore|iPhoneSimulator = AppStore|iPhoneSimulator
		Debug|Any CPU = Debug|Any CPU
		Debug|iPhone = Debug|iPhone
		Debug|iPhoneSimulator = Debug|iPhoneSimulator
		Release|Any CPU = Release|Any CPU
		Release|iPhone = Release|iPhone
		Release|iPhoneSimulator = Release|iPhoneSimulator
	EndGlobalSection
	GlobalSection(ProjectConfigurationPlatforms) = postSolution
		{52FF6A01-8775-4DD6-A14E-2609ED803A43}.Ad-Hoc|Any CPU.ActiveCfg = Release|Any CPU
		{52FF6A01-8775-4DD6-A14E-2609ED803A43}.Ad-Hoc|Any CPU.Build.0 = Release|Any CPU
		{52FF6A01-8775-4DD6-A14E-2609ED803A43}.Ad-Hoc|Any CPU.Deploy.0 = Release|Any CPU
		{52FF6A01-8775-4DD6-A14E-2609ED803A43}.Ad-Hoc|iPhone.ActiveCfg = Release|Any CPU
		{52FF6A01-8775-4DD6-A14E-2609ED803A43}.Ad-Hoc|iPhone.Build.0 = Release|Any CPU
		{52FF6A01-8775-4DD6-A14E-2609ED803A43}.Ad-Hoc|iPhone.Deploy.0 = Release|Any CPU
		{52FF6A01-8775-4DD6-A14E-2609ED803A43}.Ad-Hoc|iPhoneSimulator.ActiveCfg = Release|Any CPU
		{52FF6A01-8775-4DD6-A14E-2609ED803A43}.Ad-Hoc|iPhoneSimulator.Build.0 = Release|Any CPU
		{52FF6A01-8775-4DD6-A14E-2609ED803A43}.Ad-Hoc|iPhoneSimulator.Deploy.0 = Release|Any CPU
		{52FF6A01-8775-4DD6-A14E-2609ED803A43}.AppStore|Any CPU.ActiveCfg = Release|Any CPU
		{52FF6A01-8775-4DD6-A14E-2609ED803A43}.AppStore|Any CPU.Build.0 = Release|Any CPU
		{52FF6A01-8775-4DD6-A14E-2609ED803A43}.AppStore|Any CPU.Deploy.0 = Release|Any CPU
		{52FF6A01-8775-4DD6-A14E-2609ED803A43}.AppStore|iPhone.ActiveCfg = Release|Any CPU
		{52FF6A01-8775-4DD6-A14E-2609ED803A43}.AppStore|iPhone.Build.0 = Release|Any CPU
		{52FF6A01-8775-4DD6-A14E-2609ED803A43}.AppStore|iPhone.Deploy.0 = Release|Any CPU
		{52FF6A01-8775-4DD6-A14E-2609ED803A43}.AppStore|iPhoneSimulator.ActiveCfg = Release|Any CPU
		{52FF6A01-8775-4DD6-A14E-2609ED803A43}.AppStore|iPhoneSimulator.Build.0 = Release|Any CPU
		{52FF6A01-8775-4DD6-A14E-2609ED803A43}.AppStore|iPhoneSimulator.Deploy.0 = Release|Any CPU
		{52FF6A01-8775-4DD6-A14E-2609ED803A43}.Debug|Any CPU.ActiveCfg = Debug|Any CPU
		{52FF6A01-8775-4DD6-A14E-2609ED803A43}.Debug|Any CPU.Build.0 = Debug|Any CPU
		{52FF6A01-8775-4DD6-A14E-2609ED803A43}.Debug|Any CPU.Deploy.0 = Debug|Any CPU
		{52FF6A01-8775-4DD6-A14E-2609ED803A43}.Debug|iPhone.ActiveCfg = Debug|Any CPU
		{52FF6A01-8775-4DD6-A14E-2609ED803A43}.Debug|iPhone.Build.0 = Debug|Any CPU
		{52FF6A01-8775-4DD6-A14E-2609ED803A43}.Debug|iPhone.Deploy.0 = Debug|Any CPU
		{52FF6A01-8775-4DD6-A14E-2609ED803A43}.Debug|iPhoneSimulator.ActiveCfg = Debug|Any CPU
		{52FF6A01-8775-4DD6-A14E-2609ED803A43}.Debug|iPhoneSimulator.Build.0 = Debug|Any CPU
		{52FF6A01-8775-4DD6-A14E-2609ED803A43}.Debug|iPhoneSimulator.Deploy.0 = Debug|Any CPU
		{52FF6A01-8775-4DD6-A14E-2609ED803A43}.Release|Any CPU.ActiveCfg = Release|Any CPU
		{52FF6A01-8775-4DD6-A14E-2609ED803A43}.Release|Any CPU.Build.0 = Release|Any CPU
		{52FF6A01-8775-4DD6-A14E-2609ED803A43}.Release|Any CPU.Deploy.0 = Release|Any CPU
		{52FF6A01-8775-4DD6-A14E-2609ED803A43}.Release|iPhone.ActiveCfg = Release|Any CPU
		{52FF6A01-8775-4DD6-A14E-2609ED803A43}.Release|iPhone.Build.0 = Release|Any CPU
		{52FF6A01-8775-4DD6-A14E-2609ED803A43}.Release|iPhone.Deploy.0 = Release|Any CPU
		{52FF6A01-8775-4DD6-A14E-2609ED803A43}.Release|iPhoneSimulator.ActiveCfg = Release|Any CPU
		{52FF6A01-8775-4DD6-A14E-2609ED803A43}.Release|iPhoneSimulator.Build.0 = Release|Any CPU
		{52FF6A01-8775-4DD6-A14E-2609ED803A43}.Release|iPhoneSimulator.Deploy.0 = Release|Any CPU
		{9313B5E6-E44D-4EA8-9307-CA94CE5DB0BE}.Ad-Hoc|Any CPU.ActiveCfg = Ad-Hoc|iPhone
		{9313B5E6-E44D-4EA8-9307-CA94CE5DB0BE}.Ad-Hoc|Any CPU.Build.0 = Ad-Hoc|iPhone
		{9313B5E6-E44D-4EA8-9307-CA94CE5DB0BE}.Ad-Hoc|Any CPU.Deploy.0 = Ad-Hoc|iPhone
		{9313B5E6-E44D-4EA8-9307-CA94CE5DB0BE}.Ad-Hoc|iPhone.ActiveCfg = Ad-Hoc|iPhone
		{9313B5E6-E44D-4EA8-9307-CA94CE5DB0BE}.Ad-Hoc|iPhone.Build.0 = Ad-Hoc|iPhone
		{9313B5E6-E44D-4EA8-9307-CA94CE5DB0BE}.Ad-Hoc|iPhone.Deploy.0 = Ad-Hoc|iPhone
		{9313B5E6-E44D-4EA8-9307-CA94CE5DB0BE}.Ad-Hoc|iPhoneSimulator.ActiveCfg = Ad-Hoc|iPhoneSimulator
		{9313B5E6-E44D-4EA8-9307-CA94CE5DB0BE}.Ad-Hoc|iPhoneSimulator.Build.0 = Ad-Hoc|iPhoneSimulator
		{9313B5E6-E44D-4EA8-9307-CA94CE5DB0BE}.Ad-Hoc|iPhoneSimulator.Deploy.0 = Ad-Hoc|iPhoneSimulator
		{9313B5E6-E44D-4EA8-9307-CA94CE5DB0BE}.AppStore|Any CPU.ActiveCfg = AppStore|iPhone
		{9313B5E6-E44D-4EA8-9307-CA94CE5DB0BE}.AppStore|Any CPU.Build.0 = AppStore|iPhone
		{9313B5E6-E44D-4EA8-9307-CA94CE5DB0BE}.AppStore|Any CPU.Deploy.0 = AppStore|iPhone
		{9313B5E6-E44D-4EA8-9307-CA94CE5DB0BE}.AppStore|iPhone.ActiveCfg = AppStore|iPhone
		{9313B5E6-E44D-4EA8-9307-CA94CE5DB0BE}.AppStore|iPhone.Build.0 = AppStore|iPhone
		{9313B5E6-E44D-4EA8-9307-CA94CE5DB0BE}.AppStore|iPhone.Deploy.0 = AppStore|iPhone
		{9313B5E6-E44D-4EA8-9307-CA94CE5DB0BE}.AppStore|iPhoneSimulator.ActiveCfg = AppStore|iPhoneSimulator
		{9313B5E6-E44D-4EA8-9307-CA94CE5DB0BE}.AppStore|iPhoneSimulator.Build.0 = AppStore|iPhoneSimulator
		{9313B5E6-E44D-4EA8-9307-CA94CE5DB0BE}.AppStore|iPhoneSimulator.Deploy.0 = AppStore|iPhoneSimulator
		{9313B5E6-E44D-4EA8-9307-CA94CE5DB0BE}.Debug|Any CPU.ActiveCfg = Debug|iPhoneSimulator
		{9313B5E6-E44D-4EA8-9307-CA94CE5DB0BE}.Debug|Any CPU.Build.0 = Debug|iPhoneSimulator
		{9313B5E6-E44D-4EA8-9307-CA94CE5DB0BE}.Debug|Any CPU.Deploy.0 = Debug|iPhoneSimulator
		{9313B5E6-E44D-4EA8-9307-CA94CE5DB0BE}.Debug|iPhone.ActiveCfg = Debug|iPhone
		{9313B5E6-E44D-4EA8-9307-CA94CE5DB0BE}.Debug|iPhone.Build.0 = Debug|iPhone
		{9313B5E6-E44D-4EA8-9307-CA94CE5DB0BE}.Debug|iPhone.Deploy.0 = Debug|iPhone
		{9313B5E6-E44D-4EA8-9307-CA94CE5DB0BE}.Debug|iPhoneSimulator.ActiveCfg = Debug|iPhoneSimulator
		{9313B5E6-E44D-4EA8-9307-CA94CE5DB0BE}.Debug|iPhoneSimulator.Build.0 = Debug|iPhoneSimulator
		{9313B5E6-E44D-4EA8-9307-CA94CE5DB0BE}.Debug|iPhoneSimulator.Deploy.0 = Debug|iPhoneSimulator
		{9313B5E6-E44D-4EA8-9307-CA94CE5DB0BE}.Release|Any CPU.ActiveCfg = Release|iPhone
		{9313B5E6-E44D-4EA8-9307-CA94CE5DB0BE}.Release|Any CPU.Build.0 = Release|iPhone
		{9313B5E6-E44D-4EA8-9307-CA94CE5DB0BE}.Release|Any CPU.Deploy.0 = Release|iPhone
		{9313B5E6-E44D-4EA8-9307-CA94CE5DB0BE}.Release|iPhone.ActiveCfg = Release|iPhone
		{9313B5E6-E44D-4EA8-9307-CA94CE5DB0BE}.Release|iPhone.Build.0 = Release|iPhone
		{9313B5E6-E44D-4EA8-9307-CA94CE5DB0BE}.Release|iPhone.Deploy.0 = Release|iPhone
		{9313B5E6-E44D-4EA8-9307-CA94CE5DB0BE}.Release|iPhoneSimulator.ActiveCfg = Release|iPhoneSimulator
		{9313B5E6-E44D-4EA8-9307-CA94CE5DB0BE}.Release|iPhoneSimulator.Build.0 = Release|iPhoneSimulator
		{9313B5E6-E44D-4EA8-9307-CA94CE5DB0BE}.Release|iPhoneSimulator.Deploy.0 = Release|iPhoneSimulator
		{A14A1C5E-D0F0-4AE2-A79F-D08ABF221F97}.Ad-Hoc|Any CPU.ActiveCfg = Debug|Any CPU
		{A14A1C5E-D0F0-4AE2-A79F-D08ABF221F97}.Ad-Hoc|Any CPU.Build.0 = Debug|Any CPU
		{A14A1C5E-D0F0-4AE2-A79F-D08ABF221F97}.Ad-Hoc|Any CPU.Deploy.0 = Debug|Any CPU
		{A14A1C5E-D0F0-4AE2-A79F-D08ABF221F97}.Ad-Hoc|iPhone.ActiveCfg = Debug|Any CPU
		{A14A1C5E-D0F0-4AE2-A79F-D08ABF221F97}.Ad-Hoc|iPhone.Build.0 = Debug|Any CPU
		{A14A1C5E-D0F0-4AE2-A79F-D08ABF221F97}.Ad-Hoc|iPhone.Deploy.0 = Debug|Any CPU
		{A14A1C5E-D0F0-4AE2-A79F-D08ABF221F97}.Ad-Hoc|iPhoneSimulator.ActiveCfg = Debug|Any CPU
		{A14A1C5E-D0F0-4AE2-A79F-D08ABF221F97}.Ad-Hoc|iPhoneSimulator.Build.0 = Debug|Any CPU
		{A14A1C5E-D0F0-4AE2-A79F-D08ABF221F97}.Ad-Hoc|iPhoneSimulator.Deploy.0 = Debug|Any CPU
		{A14A1C5E-D0F0-4AE2-A79F-D08ABF221F97}.AppStore|Any CPU.ActiveCfg = Debug|Any CPU
		{A14A1C5E-D0F0-4AE2-A79F-D08ABF221F97}.AppStore|Any CPU.Build.0 = Debug|Any CPU
		{A14A1C5E-D0F0-4AE2-A79F-D08ABF221F97}.AppStore|Any CPU.Deploy.0 = Debug|Any CPU
		{A14A1C5E-D0F0-4AE2-A79F-D08ABF221F97}.AppStore|iPhone.ActiveCfg = Debug|Any CPU
		{A14A1C5E-D0F0-4AE2-A79F-D08ABF221F97}.AppStore|iPhone.Build.0 = Debug|Any CPU
		{A14A1C5E-D0F0-4AE2-A79F-D08ABF221F97}.AppStore|iPhone.Deploy.0 = Debug|Any CPU
		{A14A1C5E-D0F0-4AE2-A79F-D08ABF221F97}.AppStore|iPhoneSimulator.ActiveCfg = Debug|Any CPU
		{A14A1C5E-D0F0-4AE2-A79F-D08ABF221F97}.AppStore|iPhoneSimulator.Build.0 = Debug|Any CPU
		{A14A1C5E-D0F0-4AE2-A79F-D08ABF221F97}.AppStore|iPhoneSimulator.Deploy.0 = Debug|Any CPU
		{A14A1C5E-D0F0-4AE2-A79F-D08ABF221F97}.Debug|Any CPU.ActiveCfg = Debug|Any CPU
		{A14A1C5E-D0F0-4AE2-A79F-D08ABF221F97}.Debug|Any CPU.Build.0 = Debug|Any CPU
		{A14A1C5E-D0F0-4AE2-A79F-D08ABF221F97}.Debug|Any CPU.Deploy.0 = Debug|Any CPU
		{A14A1C5E-D0F0-4AE2-A79F-D08ABF221F97}.Debug|iPhone.ActiveCfg = Debug|Any CPU
		{A14A1C5E-D0F0-4AE2-A79F-D08ABF221F97}.Debug|iPhone.Build.0 = Debug|Any CPU
		{A14A1C5E-D0F0-4AE2-A79F-D08ABF221F97}.Debug|iPhone.Deploy.0 = Debug|Any CPU
		{A14A1C5E-D0F0-4AE2-A79F-D08ABF221F97}.Debug|iPhoneSimulator.ActiveCfg = Debug|Any CPU
		{A14A1C5E-D0F0-4AE2-A79F-D08ABF221F97}.Debug|iPhoneSimulator.Build.0 = Debug|Any CPU
		{A14A1C5E-D0F0-4AE2-A79F-D08ABF221F97}.Debug|iPhoneSimulator.Deploy.0 = Debug|Any CPU
		{A14A1C5E-D0F0-4AE2-A79F-D08ABF221F97}.Release|Any CPU.ActiveCfg = Release|Any CPU
		{A14A1C5E-D0F0-4AE2-A79F-D08ABF221F97}.Release|Any CPU.Build.0 = Release|Any CPU
		{A14A1C5E-D0F0-4AE2-A79F-D08ABF221F97}.Release|Any CPU.Deploy.0 = Release|Any CPU
		{A14A1C5E-D0F0-4AE2-A79F-D08ABF221F97}.Release|iPhone.ActiveCfg = Release|Any CPU
		{A14A1C5E-D0F0-4AE2-A79F-D08ABF221F97}.Release|iPhone.Build.0 = Release|Any CPU
		{A14A1C5E-D0F0-4AE2-A79F-D08ABF221F97}.Release|iPhone.Deploy.0 = Release|Any CPU
		{A14A1C5E-D0F0-4AE2-A79F-D08ABF221F97}.Release|iPhoneSimulator.ActiveCfg = Release|Any CPU
		{A14A1C5E-D0F0-4AE2-A79F-D08ABF221F97}.Release|iPhoneSimulator.Build.0 = Release|Any CPU
		{A14A1C5E-D0F0-4AE2-A79F-D08ABF221F97}.Release|iPhoneSimulator.Deploy.0 = Release|Any CPU
	EndGlobalSection
	GlobalSection(SolutionProperties) = preSolution
		HideSolutionNode = FALSE
	EndGlobalSection
	GlobalSection(ExtensibilityGlobals) = postSolution
		SolutionGuid = {4086B55C-B6D7-4690-9E99-2D5F36B369ED}
	EndGlobalSection
EndGlobal
