
Microsoft Visual Studio Solution File, Format Version 12.00
# Visual Studio 15
VisualStudioVersion = 15.0.28307.271
MinimumVisualStudioVersion = 10.0.40219.1
Project("{FAE04EC0-301F-11D3-BF4B-00C04F79EFBC}") = "EFCorePrueba", "EFCorePrueba\EFCorePrueba.csproj", "{FCD59C35-0385-471C-9357-734A43826837}"
EndProject
Global
	GlobalSection(SolutionConfigurationPlatforms) = preSolution
		Debug|Any CPU = Debug|Any CPU
		Release|Any CPU = Release|Any CPU
	EndGlobalSection
	GlobalSection(ProjectConfigurationPlatforms) = postSolution
		{FCD59C35-0385-471C-9357-734A43826837}.Debug|Any CPU.ActiveCfg = Debug|Any CPU
		{FCD59C35-0385-471C-9357-734A43826837}.Debug|Any CPU.Build.0 = Debug|Any CPU
		{FCD59C35-0385-471C-9357-734A43826837}.Release|Any CPU.ActiveCfg = Release|Any CPU
		{FCD59C35-0385-471C-9357-734A43826837}.Release|Any CPU.Build.0 = Release|Any CPU
	EndGlobalSection
	GlobalSection(SolutionProperties) = preSolution
		HideSolutionNode = FALSE
	EndGlobalSection
	GlobalSection(ExtensibilityGlobals) = postSolution
		SolutionGuid = {A402BEBF-868C-4782-B846-698F69BBA863}
	EndGlobalSection
EndGlobal
