
Microsoft Visual Studio Solution File, Format Version 12.00
# Visual Studio 15
VisualStudioVersion = 15.0.28010.2019
MinimumVisualStudioVersion = 10.0.40219.1
Project("{FAE04EC0-301F-11D3-BF4B-00C04F79EFBC}") = "Mvvm", "Mvvm\Mvvm.csproj", "{95FD81D4-922A-4E90-B48C-BEF0BFE5A2EA}"
EndProject
Global
	GlobalSection(SolutionConfigurationPlatforms) = preSolution
		Debug|Any CPU = Debug|Any CPU
		Release|Any CPU = Release|Any CPU
	EndGlobalSection
	GlobalSection(ProjectConfigurationPlatforms) = postSolution
		{95FD81D4-922A-4E90-B48C-BEF0BFE5A2EA}.Debug|Any CPU.ActiveCfg = Debug|Any CPU
		{95FD81D4-922A-4E90-B48C-BEF0BFE5A2EA}.Debug|Any CPU.Build.0 = Debug|Any CPU
		{95FD81D4-922A-4E90-B48C-BEF0BFE5A2EA}.Release|Any CPU.ActiveCfg = Release|Any CPU
		{95FD81D4-922A-4E90-B48C-BEF0BFE5A2EA}.Release|Any CPU.Build.0 = Release|Any CPU
	EndGlobalSection
	GlobalSection(SolutionProperties) = preSolution
		HideSolutionNode = FALSE
	EndGlobalSection
	GlobalSection(ExtensibilityGlobals) = postSolution
		SolutionGuid = {0B5C7CDB-3931-4FEC-940E-14B665EB406D}
	EndGlobalSection
EndGlobal
