
Microsoft Visual Studio Solution File, Format Version 12.00
# Visual Studio 15
VisualStudioVersion = 15.0.28010.2019
MinimumVisualStudioVersion = 10.0.40219.1
Project("{FAE04EC0-301F-11D3-BF4B-00C04F79EFBC}") = "PruebaSpine", "PruebaSpine\PruebaSpine.csproj", "{C7182C37-4424-41CB-AA67-A70694FDE440}"
EndProject
Project("{FAE04EC0-301F-11D3-BF4B-00C04F79EFBC}") = "spine-csharp", "..\..\..\..\..\work\spine-runtimes-3.6\spine-csharp\spine-csharp.csproj", "{94144E22-2431-4A8F-AC04-DEC22F7EDD8F}"
EndProject
Global
	GlobalSection(SolutionConfigurationPlatforms) = preSolution
		Debug|Any CPU = Debug|Any CPU
		Debug|x86 = Debug|x86
		Release|Any CPU = Release|Any CPU
		Release|x86 = Release|x86
	EndGlobalSection
	GlobalSection(ProjectConfigurationPlatforms) = postSolution
		{C7182C37-4424-41CB-AA67-A70694FDE440}.Debug|Any CPU.ActiveCfg = Debug|x86
		{C7182C37-4424-41CB-AA67-A70694FDE440}.Debug|x86.ActiveCfg = Debug|x86
		{C7182C37-4424-41CB-AA67-A70694FDE440}.Debug|x86.Build.0 = Debug|x86
		{C7182C37-4424-41CB-AA67-A70694FDE440}.Release|Any CPU.ActiveCfg = Release|x86
		{C7182C37-4424-41CB-AA67-A70694FDE440}.Release|x86.ActiveCfg = Release|x86
		{C7182C37-4424-41CB-AA67-A70694FDE440}.Release|x86.Build.0 = Release|x86
		{94144E22-2431-4A8F-AC04-DEC22F7EDD8F}.Debug|Any CPU.ActiveCfg = Debug|Any CPU
		{94144E22-2431-4A8F-AC04-DEC22F7EDD8F}.Debug|Any CPU.Build.0 = Debug|Any CPU
		{94144E22-2431-4A8F-AC04-DEC22F7EDD8F}.Debug|x86.ActiveCfg = Debug|Any CPU
		{94144E22-2431-4A8F-AC04-DEC22F7EDD8F}.Debug|x86.Build.0 = Debug|Any CPU
		{94144E22-2431-4A8F-AC04-DEC22F7EDD8F}.Release|Any CPU.ActiveCfg = Release|Any CPU
		{94144E22-2431-4A8F-AC04-DEC22F7EDD8F}.Release|Any CPU.Build.0 = Release|Any CPU
		{94144E22-2431-4A8F-AC04-DEC22F7EDD8F}.Release|x86.ActiveCfg = Release|Any CPU
		{94144E22-2431-4A8F-AC04-DEC22F7EDD8F}.Release|x86.Build.0 = Release|Any CPU
	EndGlobalSection
	GlobalSection(SolutionProperties) = preSolution
		HideSolutionNode = FALSE
	EndGlobalSection
	GlobalSection(ExtensibilityGlobals) = postSolution
		SolutionGuid = {E55FD91A-0C88-4F07-85B7-070A0223267D}
	EndGlobalSection
EndGlobal
